
Microsoft Visual Studio Solution File, Format Version 12.00
# Visual Studio Version 17
VisualStudioVersion = 17.8.34309.116
MinimumVisualStudioVersion = 10.0.40219.1
Project("{9A19103F-16F7-4668-BE54-9A1E7A4F7556}") = "PageCheckerConsoleApp", "PageCheckerConsoleApp\PageCheckerConsoleApp.csproj", "{132B4EEA-B4B6-4FE3-B331-4F4604A7D13F}"
EndProject
Project("{9A19103F-16F7-4668-BE54-9A1E7A4F7556}") = "PageChecker.Domain", "PageChecker.Domain\PageChecker.Domain.csproj", "{288428D2-727D-44E6-8E20-E2A3C6247963}"
EndProject
Project("{9A19103F-16F7-4668-BE54-9A1E7A4F7556}") = "PageChecker.Library", "PageChecker.Library\PageChecker.Library.csproj", "{38DEC867-8AC8-41C9-ABAB-C991FB3E26BF}"
EndProject
Global
	GlobalSection(SolutionConfigurationPlatforms) = preSolution
		Debug|Any CPU = Debug|Any CPU
		Release|Any CPU = Release|Any CPU
	EndGlobalSection
	GlobalSection(ProjectConfigurationPlatforms) = postSolution
		{132B4EEA-B4B6-4FE3-B331-4F4604A7D13F}.Debug|Any CPU.ActiveCfg = Debug|Any CPU
		{132B4EEA-B4B6-4FE3-B331-4F4604A7D13F}.Debug|Any CPU.Build.0 = Debug|Any CPU
		{132B4EEA-B4B6-4FE3-B331-4F4604A7D13F}.Release|Any CPU.ActiveCfg = Release|Any CPU
		{132B4EEA-B4B6-4FE3-B331-4F4604A7D13F}.Release|Any CPU.Build.0 = Release|Any CPU
		{288428D2-727D-44E6-8E20-E2A3C6247963}.Debug|Any CPU.ActiveCfg = Debug|Any CPU
		{288428D2-727D-44E6-8E20-E2A3C6247963}.Debug|Any CPU.Build.0 = Debug|Any CPU
		{288428D2-727D-44E6-8E20-E2A3C6247963}.Release|Any CPU.ActiveCfg = Release|Any CPU
		{288428D2-727D-44E6-8E20-E2A3C6247963}.Release|Any CPU.Build.0 = Release|Any CPU
		{38DEC867-8AC8-41C9-ABAB-C991FB3E26BF}.Debug|Any CPU.ActiveCfg = Debug|Any CPU
		{38DEC867-8AC8-41C9-ABAB-C991FB3E26BF}.Debug|Any CPU.Build.0 = Debug|Any CPU
		{38DEC867-8AC8-41C9-ABAB-C991FB3E26BF}.Release|Any CPU.ActiveCfg = Release|Any CPU
		{38DEC867-8AC8-41C9-ABAB-C991FB3E26BF}.Release|Any CPU.Build.0 = Release|Any CPU
	EndGlobalSection
	GlobalSection(SolutionProperties) = preSolution
		HideSolutionNode = FALSE
	EndGlobalSection
	GlobalSection(ExtensibilityGlobals) = postSolution
		SolutionGuid = {25E6E764-4C57-4D2E-9658-BF64A86D8A2F}
	EndGlobalSection
EndGlobal
